{
  "name": "tool-cache-provider",
  "version": "1.0.0",
  "lockfileVersion": 3,
  "requires": true,
  "packages": {
    "": {
      "name": "tool-cache-provider",
      "version": "1.0.0",
      "license": "MPL-2.0",
      "dependencies": {
        "string-argv": "^0.3.2"
      }
    },
    "node_modules/string-argv": {
      "version": "0.3.2",
      "resolved": "https://registry.npmjs.org/string-argv/-/string-argv-0.3.2.tgz",
      "integrity": "sha512-aqD2Q0144Z+/RqG52NeHEkZauTAUWJO8c6yTftGJKO3Tja5tUgIfmIl6kExvhtxSDP7fXB6DvzkfMpCd/F3G+Q==",
      "engines": {
        "node": ">=0.6.19"
      }
    }
  }
}
